// !$*UTF8*$!
{
	archiveVersion = 1;
	classes = {
	};
	objectVersion = 48;
	objects = {

/* Begin PBXBuildFile section */
		439FDE511D1F565400E54B4F /* AppDelegate.swift in Sources */ = {isa = PBXBuildFile; fileRef = 439FDE501D1F565400E54B4F /* AppDelegate.swift */; };
		439FDE531D1F565400E54B4F /* ViewController.swift in Sources */ = {isa = PBXBuildFile; fileRef = 439FDE521D1F565400E54B4F /* ViewController.swift */; };
		439FDE561D1F565400E54B4F /* Main.storyboard in Resources */ = {isa = PBXBuildFile; fileRef = 439FDE541D1F565400E54B4F /* Main.storyboard */; };
		439FDE581D1F565400E54B4F /* Assets.xcassets in Resources */ = {isa = PBXBuildFile; fileRef = 439FDE571D1F565400E54B4F /* Assets.xcassets */; };
		439FDE5B1D1F565400E54B4F /* LaunchScreen.storyboard in Resources */ = {isa = PBXBuildFile; fileRef = 439FDE591D1F565400E54B4F /* LaunchScreen.storyboard */; };
		439FDE661D1F565400E54B4F /* SpirographTests.swift in Sources */ = {isa = PBXBuildFile; fileRef = 439FDE651D1F565400E54B4F /* SpirographTests.swift */; };
		439FDE711D1F565400E54B4F /* SpirographUITests.swift in Sources */ = {isa = PBXBuildFile; fileRef = 439FDE701D1F565400E54B4F /* SpirographUITests.swift */; };
		439FDE7F1D1F622600E54B4F /* CircleView.swift in Sources */ = {isa = PBXBuildFile; fileRef = 439FDE7E1D1F622600E54B4F /* CircleView.swift */; };
/* End PBXBuildFile section */

/* Begin PBXContainerItemProxy section */
		439FDE621D1F565400E54B4F /* PBXContainerItemProxy */ = {
			isa = PBXContainerItemProxy;
			containerPortal = 439FDE451D1F565400E54B4F /* Project object */;
			proxyType = 1;
			remoteGlobalIDString = 439FDE4C1D1F565400E54B4F;
			remoteInfo = Spirograph;
		};
		439FDE6D1D1F565400E54B4F /* PBXContainerItemProxy */ = {
			isa = PBXContainerItemProxy;
			containerPortal = 439FDE451D1F565400E54B4F /* Project object */;
			proxyType = 1;
			remoteGlobalIDString = 439FDE4C1D1F565400E54B4F;
			remoteInfo = Spirograph;
		};
/* End PBXContainerItemProxy section */

/* Begin PBXFileReference section */
		439FDE4D1D1F565400E54B4F /* Spirograph.app */ = {isa = PBXFileReference; explicitFileType = wrapper.application; includeInIndex = 0; path = Spirograph.app; sourceTree = BUILT_PRODUCTS_DIR; };
		439FDE501D1F565400E54B4F /* AppDelegate.swift */ = {isa = PBXFileReference; lastKnownFileType = sourcecode.swift; path = AppDelegate.swift; sourceTree = "<group>"; };
		439FDE521D1F565400E54B4F /* ViewController.swift */ = {isa = PBXFileReference; lastKnownFileType = sourcecode.swift; path = ViewController.swift; sourceTree = "<group>"; };
		439FDE551D1F565400E54B4F /* Base */ = {isa = PBXFileReference; lastKnownFileType = file.storyboard; name = Base; path = Base.lproj/Main.storyboard; sourceTree = "<group>"; };
		439FDE571D1F565400E54B4F /* Assets.xcassets */ = {isa = PBXFileReference; lastKnownFileType = folder.assetcatalog; path = Assets.xcassets; sourceTree = "<group>"; };
		439FDE5A1D1F565400E54B4F /* Base */ = {isa = PBXFileReference; lastKnownFileType = file.storyboard; name = Base; path = Base.lproj/LaunchScreen.storyboard; sourceTree = "<group>"; };
		439FDE5C1D1F565400E54B4F /* Info.plist */ = {isa = PBXFileReference; lastKnownFileType = text.plist.xml; path = Info.plist; sourceTree = "<group>"; };
		439FDE611D1F565400E54B4F /* SpirographTests.xctest */ = {isa = PBXFileReference; explicitFileType = wrapper.cfbundle; includeInIndex = 0; path = SpirographTests.xctest; sourceTree = BUILT_PRODUCTS_DIR; };
		439FDE651D1F565400E54B4F /* SpirographTests.swift */ = {isa = PBXFileReference; lastKnownFileType = sourcecode.swift; path = SpirographTests.swift; sourceTree = "<group>"; };
		439FDE671D1F565400E54B4F /* Info.plist */ = {isa = PBXFileReference; lastKnownFileType = text.plist.xml; path = Info.plist; sourceTree = "<group>"; };
		439FDE6C1D1F565400E54B4F /* SpirographUITests.xctest */ = {isa = PBXFileReference; explicitFileType = wrapper.cfbundle; includeInIndex = 0; path = SpirographUITests.xctest; sourceTree = BUILT_PRODUCTS_DIR; };
		439FDE701D1F565400E54B4F /* SpirographUITests.swift */ = {isa = PBXFileReference; lastKnownFileType = sourcecode.swift; path = SpirographUITests.swift; sourceTree = "<group>"; };
		439FDE721D1F565400E54B4F /* Info.plist */ = {isa = PBXFileReference; lastKnownFileType = text.plist.xml; path = Info.plist; sourceTree = "<group>"; };
		439FDE7E1D1F622600E54B4F /* CircleView.swift */ = {isa = PBXFileReference; fileEncoding = 4; lastKnownFileType = sourcecode.swift; path = CircleView.swift; sourceTree = "<group>"; };
/* End PBXFileReference section */

/* Begin PBXFrameworksBuildPhase section */
		439FDE4A1D1F565400E54B4F /* Frameworks */ = {
			isa = PBXFrameworksBuildPhase;
			buildActionMask = 2147483647;
			files = (
			);
			runOnlyForDeploymentPostprocessing = 0;
		};
		439FDE5E1D1F565400E54B4F /* Frameworks */ = {
			isa = PBXFrameworksBuildPhase;
			buildActionMask = 2147483647;
			files = (
			);
			runOnlyForDeploymentPostprocessing = 0;
		};
		439FDE691D1F565400E54B4F /* Frameworks */ = {
			isa = PBXFrameworksBuildPhase;
			buildActionMask = 2147483647;
			files = (
			);
			runOnlyForDeploymentPostprocessing = 0;
		};
/* End PBXFrameworksBuildPhase section */

/* Begin PBXGroup section */
		439FDE441D1F565400E54B4F = {
			isa = PBXGroup;
			children = (
				439FDE4F1D1F565400E54B4F /* Spirograph */,
				439FDE641D1F565400E54B4F /* SpirographTests */,
				439FDE6F1D1F565400E54B4F /* SpirographUITests */,
				439FDE4E1D1F565400E54B4F /* Products */,
			);
			sourceTree = "<group>";
		};
		439FDE4E1D1F565400E54B4F /* Products */ = {
			isa = PBXGroup;
			children = (
				439FDE4D1D1F565400E54B4F /* Spirograph.app */,
				439FDE611D1F565400E54B4F /* SpirographTests.xctest */,
				439FDE6C1D1F565400E54B4F /* SpirographUITests.xctest */,
			);
			name = Products;
			sourceTree = "<group>";
		};
		439FDE4F1D1F565400E54B4F /* Spirograph */ = {
			isa = PBXGroup;
			children = (
				439FDE501D1F565400E54B4F /* AppDelegate.swift */,
				439FDE521D1F565400E54B4F /* ViewController.swift */,
				439FDE541D1F565400E54B4F /* Main.storyboard */,
				439FDE571D1F565400E54B4F /* Assets.xcassets */,
				439FDE591D1F565400E54B4F /* LaunchScreen.storyboard */,
				439FDE5C1D1F565400E54B4F /* Info.plist */,
				439FDE7E1D1F622600E54B4F /* CircleView.swift */,
			);
			path = Spirograph;
			sourceTree = "<group>";
		};
		439FDE641D1F565400E54B4F /* SpirographTests */ = {
			isa = PBXGroup;
			children = (
				439FDE651D1F565400E54B4F /* SpirographTests.swift */,
				439FDE671D1F565400E54B4F /* Info.plist */,
			);
			path = SpirographTests;
			sourceTree = "<group>";
		};
		439FDE6F1D1F565400E54B4F /* SpirographUITests */ = {
			isa = PBXGroup;
			children = (
				439FDE701D1F565400E54B4F /* SpirographUITests.swift */,
				439FDE721D1F565400E54B4F /* Info.plist */,
			);
			path = SpirographUITests;
			sourceTree = "<group>";
		};
/* End PBXGroup section */

/* Begin PBXNativeTarget section */
		439FDE4C1D1F565400E54B4F /* Spirograph */ = {
			isa = PBXNativeTarget;
			buildConfigurationList = 439FDE751D1F565400E54B4F /* Build configuration list for PBXNativeTarget "Spirograph" */;
			buildPhases = (
				439FDE491D1F565400E54B4F /* Sources */,
				439FDE4A1D1F565400E54B4F /* Frameworks */,
				439FDE4B1D1F565400E54B4F /* Resources */,
			);
			buildRules = (
			);
			dependencies = (
			);
			name = Spirograph;
			productName = Spirograph;
			productReference = 439FDE4D1D1F565400E54B4F /* Spirograph.app */;
			productType = "com.apple.product-type.application";
		};
		439FDE601D1F565400E54B4F /* SpirographTests */ = {
			isa = PBXNativeTarget;
			buildConfigurationList = 439FDE781D1F565400E54B4F /* Build configuration list for PBXNativeTarget "SpirographTests" */;
			buildPhases = (
				439FDE5D1D1F565400E54B4F /* Sources */,
				439FDE5E1D1F565400E54B4F /* Frameworks */,
				439FDE5F1D1F565400E54B4F /* Resources */,
			);
			buildRules = (
			);
			dependencies = (
				439FDE631D1F565400E54B4F /* PBXTargetDependency */,
			);
			name = SpirographTests;
			productName = SpirographTests;
			productReference = 439FDE611D1F565400E54B4F /* SpirographTests.xctest */;
			productType = "com.apple.product-type.bundle.unit-test";
		};
		439FDE6B1D1F565400E54B4F /* SpirographUITests */ = {
			isa = PBXNativeTarget;
			buildConfigurationList = 439FDE7B1D1F565400E54B4F /* Build configuration list for PBXNativeTarget "SpirographUITests" */;
			buildPhases = (
				439FDE681D1F565400E54B4F /* Sources */,
				439FDE691D1F565400E54B4F /* Frameworks */,
				439FDE6A1D1F565400E54B4F /* Resources */,
			);
			buildRules = (
			);
			dependencies = (
				439FDE6E1D1F565400E54B4F /* PBXTargetDependency */,
			);
			name = SpirographUITests;
			productName = SpirographUITests;
			productReference = 439FDE6C1D1F565400E54B4F /* SpirographUITests.xctest */;
			productType = "com.apple.product-type.bundle.ui-testing";
		};
/* End PBXNativeTarget section */

/* Begin PBXProject section */
		439FDE451D1F565400E54B4F /* Project object */ = {
			isa = PBXProject;
			attributes = {
				LastSwiftUpdateCheck = 0730;
				LastUpgradeCheck = 0920;
				ORGANIZATIONNAME = "Johan Ospina";
				TargetAttributes = {
					439FDE4C1D1F565400E54B4F = {
						CreatedOnToolsVersion = 7.3.1;
					};
					439FDE601D1F565400E54B4F = {
						CreatedOnToolsVersion = 7.3.1;
						TestTargetID = 439FDE4C1D1F565400E54B4F;
					};
					439FDE6B1D1F565400E54B4F = {
						CreatedOnToolsVersion = 7.3.1;
						TestTargetID = 439FDE4C1D1F565400E54B4F;
					};
				};
			};
			buildConfigurationList = 439FDE481D1F565400E54B4F /* Build configuration list for PBXProject "Spirograph" */;
			compatibilityVersion = "Xcode 8.0";
			developmentRegion = English;
			hasScannedForEncodings = 0;
			knownRegions = (
				en,
				Base,
			);
			mainGroup = 439FDE441D1F565400E54B4F;
			productRefGroup = 439FDE4E1D1F565400E54B4F /* Products */;
			projectDirPath = "";
			projectRoot = "";
			targets = (
				439FDE4C1D1F565400E54B4F /* Spirograph */,
				439FDE601D1F565400E54B4F /* SpirographTests */,
				439FDE6B1D1F565400E54B4F /* SpirographUITests */,
			);
		};
/* End PBXProject section */

/* Begin PBXResourcesBuildPhase section */
		439FDE4B1D1F565400E54B4F /* Resources */ = {
			isa = PBXResourcesBuildPhase;
			buildActionMask = 2147483647;
			files = (
				439FDE5B1D1F565400E54B4F /* LaunchScreen.storyboard in Resources */,
				439FDE581D1F565400E54B4F /* Assets.xcassets in Resources */,
				439FDE561D1F565400E54B4F /* Main.storyboard in Resources */,
			);
			runOnlyForDeploymentPostprocessing = 0;
		};
		439FDE5F1D1F565400E54B4F /* Resources */ = {
			isa = PBXResourcesBuildPhase;
			buildActionMask = 2147483647;
			files = (
			);
			runOnlyForDeploymentPostprocessing = 0;
		};
		439FDE6A1D1F565400E54B4F /* Resources */ = {
			isa = PBXResourcesBuildPhase;
			buildActionMask = 2147483647;
			files = (
			);
			runOnlyForDeploymentPostprocessing = 0;
		};
/* End PBXResourcesBuildPhase section */

/* Begin PBXSourcesBuildPhase section */
		439FDE491D1F565400E54B4F /* Sources */ = {
			isa = PBXSourcesBuildPhase;
			buildActionMask = 2147483647;
			files = (
				439FDE7F1D1F622600E54B4F /* CircleView.swift in Sources */,
				439FDE531D1F565400E54B4F /* ViewController.swift in Sources */,
				439FDE511D1F565400E54B4F /* AppDelegate.swift in Sources */,
			);
			runOnlyForDeploymentPostprocessing = 0;
		};
		439FDE5D1D1F565400E54B4F /* Sources */ = {
			isa = PBXSourcesBuildPhase;
			buildActionMask = 2147483647;
			files = (
				439FDE661D1F565400E54B4F /* SpirographTests.swift in Sources */,
			);
			runOnlyForDeploymentPostprocessing = 0;
		};
		439FDE681D1F565400E54B4F /* Sources */ = {
			isa = PBXSourcesBuildPhase;
			buildActionMask = 2147483647;
			files = (
				439FDE711D1F565400E54B4F /* SpirographUITests.swift in Sources */,
			);
			runOnlyForDeploymentPostprocessing = 0;
		};
/* End PBXSourcesBuildPhase section */

/* Begin PBXTargetDependency section */
		439FDE631D1F565400E54B4F /* PBXTargetDependency */ = {
			isa = PBXTargetDependency;
			target = 439FDE4C1D1F565400E54B4F /* Spirograph */;
			targetProxy = 439FDE621D1F565400E54B4F /* PBXContainerItemProxy */;
		};
		439FDE6E1D1F565400E54B4F /* PBXTargetDependency */ = {
			isa = PBXTargetDependency;
			target = 439FDE4C1D1F565400E54B4F /* Spirograph */;
			targetProxy = 439FDE6D1D1F565400E54B4F /* PBXContainerItemProxy */;
		};
/* End PBXTargetDependency section */

/* Begin PBXVariantGroup section */
		439FDE541D1F565400E54B4F /* Main.storyboard */ = {
			isa = PBXVariantGroup;
			children = (
				439FDE551D1F565400E54B4F /* Base */,
			);
			name = Main.storyboard;
			sourceTree = "<group>";
		};
		439FDE591D1F565400E54B4F /* LaunchScreen.storyboard */ = {
			isa = PBXVariantGroup;
			children = (
				439FDE5A1D1F565400E54B4F /* Base */,
			);
			name = LaunchScreen.storyboard;
			sourceTree = "<group>";
		};
/* End PBXVariantGroup section */

/* Begin XCBuildConfiguration section */
		439FDE731D1F565400E54B4F /* Debug */ = {
			isa = XCBuildConfiguration;
			buildSettings = {
				ALWAYS_SEARCH_USER_PATHS = NO;
				CLANG_ANALYZER_NONNULL = YES;
				CLANG_CXX_LANGUAGE_STANDARD = "gnu++0x";
				CLANG_CXX_LIBRARY = "libc++";
				CLANG_ENABLE_MODULES = YES;
				CLANG_ENABLE_OBJC_ARC = YES;
				CLANG_WARN_BLOCK_CAPTURE_AUTORELEASING = YES;
				CLANG_WARN_BOOL_CONVERSION = YES;
				CLANG_WARN_COMMA = YES;
				CLANG_WARN_CONSTANT_CONVERSION = YES;
				CLANG_WARN_DIRECT_OBJC_ISA_USAGE = YES_ERROR;
				CLANG_WARN_EMPTY_BODY = YES;
				CLANG_WARN_ENUM_CONVERSION = YES;
				CLANG_WARN_INFINITE_RECURSION = YES;
				CLANG_WARN_INT_CONVERSION = YES;
				CLANG_WARN_NON_LITERAL_NULL_CONVERSION = YES;
				CLANG_WARN_OBJC_LITERAL_CONVERSION = YES;
				CLANG_WARN_OBJC_ROOT_CLASS = YES_ERROR;
				CLANG_WARN_RANGE_LOOP_ANALYSIS = YES;
				CLANG_WARN_STRICT_PROTOTYPES = YES;
				CLANG_WARN_SUSPICIOUS_MOVE = YES;
				CLANG_WARN_UNREACHABLE_CODE = YES;
				CLANG_WARN__DUPLICATE_METHOD_MATCH = YES;
				"CODE_SIGN_IDENTITY[sdk=iphoneos*]" = "iPhone Developer";
				COPY_PHASE_STRIP = NO;
				DEBUG_INFORMATION_FORMAT = dwarf;
				ENABLE_STRICT_OBJC_MSGSEND = YES;
				ENABLE_TESTABILITY = YES;
				GCC_C_LANGUAGE_STANDARD = gnu99;
				GCC_DYNAMIC_NO_PIC = NO;
				GCC_NO_COMMON_BLOCKS = YES;
				GCC_OPTIMIZATION_LEVEL = 0;
				GCC_PREPROCESSOR_DEFINITIONS = (
					"DEBUG=1",
					"$(inherited)",
				);
				GCC_WARN_64_TO_32_BIT_CONVERSION = YES;
				GCC_WARN_ABOUT_RETURN_TYPE = YES_ERROR;
				GCC_WARN_UNDECLARED_SELECTOR = YES;
				GCC_WARN_UNINITIALIZED_AUTOS = YES_AGGRESSIVE;
				GCC_WARN_UNUSED_FUNCTION = YES;
				GCC_WARN_UNUSED_VARIABLE = YES;
				IPHONEOS_DEPLOYMENT_TARGET = 10.3;
				MTL_ENABLE_DEBUG_INFO = YES;
				ONLY_ACTIVE_ARCH = YES;
				SDKROOT = macosx10.13;
				SWIFT_OPTIMIZATION_LEVEL = "-Onone";
				TARGETED_DEVICE_FAMILY = "1,2";
			};
			name = Debug;
		};
		439FDE741D1F565400E54B4F /* Release */ = {
			isa = XCBuildConfiguration;
			buildSettings = {
				ALWAYS_SEARCH_USER_PATHS = NO;
				CLANG_ANALYZER_NONNULL = YES;
				CLANG_CXX_LANGUAGE_STANDARD = "gnu++0x";
				CLANG_CXX_LIBRARY = "libc++";
				CLANG_ENABLE_MODULES = YES;
				CLANG_ENABLE_OBJC_ARC = YES;
				CLANG_WARN_BLOCK_CAPTURE_AUTORELEASING = YES;
				CLANG_WARN_BOOL_CONVERSION = YES;
				CLANG_WARN_COMMA = YES;
				CLANG_WARN_CONSTANT_CONVERSION = YES;
				CLANG_WARN_DIRECT_OBJC_ISA_USAGE = YES_ERROR;
				CLANG_WARN_EMPTY_BODY = YES;
				CLANG_WARN_ENUM_CONVERSION = YES;
				CLANG_WARN_INFINITE_RECURSION = YES;
				CLANG_WARN_INT_CONVERSION = YES;
				CLANG_WARN_NON_LITERAL_NULL_CONVERSION = YES;
				CLANG_WARN_OBJC_LITERAL_CONVERSION = YES;
				CLANG_WARN_OBJC_ROOT_CLASS = YES_ERROR;
				CLANG_WARN_RANGE_LOOP_ANALYSIS = YES;
				CLANG_WARN_STRICT_PROTOTYPES = YES;
				CLANG_WARN_SUSPICIOUS_MOVE = YES;
				CLANG_WARN_UNREACHABLE_CODE = YES;
				CLANG_WARN__DUPLICATE_METHOD_MATCH = YES;
				"CODE_SIGN_IDENTITY[sdk=iphoneos*]" = "iPhone Developer";
				COPY_PHASE_STRIP = NO;
				DEBUG_INFORMATION_FORMAT = "dwarf-with-dsym";
				ENABLE_NS_ASSERTIONS = NO;
				ENABLE_STRICT_OBJC_MSGSEND = YES;
				GCC_C_LANGUAGE_STANDARD = gnu99;
				GCC_NO_COMMON_BLOCKS = YES;
				GCC_WARN_64_TO_32_BIT_CONVERSION = YES;
				GCC_WARN_ABOUT_RETURN_TYPE = YES_ERROR;
				GCC_WARN_UNDECLARED_SELECTOR = YES;
				GCC_WARN_UNINITIALIZED_AUTOS = YES_AGGRESSIVE;
				GCC_WARN_UNUSED_FUNCTION = YES;
				GCC_WARN_UNUSED_VARIABLE = YES;
				IPHONEOS_DEPLOYMENT_TARGET = 10.3;
				MTL_ENABLE_DEBUG_INFO = NO;
				SDKROOT = macosx10.13;
				SWIFT_OPTIMIZATION_LEVEL = "-Owholemodule";
				TARGETED_DEVICE_FAMILY = "1,2";
				VALIDATE_PRODUCT = YES;
			};
			name = Release;
		};
		439FDE761D1F565400E54B4F /* Debug */ = {
			isa = XCBuildConfiguration;
			buildSettings = {
				ASSETCATALOG_COMPILER_APPICON_NAME = AppIcon;
				DEVELOPMENT_TEAM = BL9Y363NK7;
				INFOPLIST_FILE = Spirograph/Info.plist;
				IPHONEOS_DEPLOYMENT_TARGET = 10.3;
				LD_RUNPATH_SEARCH_PATHS = "$(inherited) @executable_path/Frameworks";
				PRODUCT_BUNDLE_IDENTIFIER = johanOS.Spirograph;
				PRODUCT_NAME = "$(TARGET_NAME)";
				SDKROOT = iphoneos11.2;
				SWIFT_VERSION = 4.0;
			};
			name = Debug;
		};
		439FDE771D1F565400E54B4F /* Release */ = {
			isa = XCBuildConfiguration;
			buildSettings = {
				ASSETCATALOG_COMPILER_APPICON_NAME = AppIcon;
				DEVELOPMENT_TEAM = BL9Y363NK7;
				INFOPLIST_FILE = Spirograph/Info.plist;
				IPHONEOS_DEPLOYMENT_TARGET = 10.3;
				LD_RUNPATH_SEARCH_PATHS = "$(inherited) @executable_path/Frameworks";
				PRODUCT_BUNDLE_IDENTIFIER = johanOS.Spirograph;
				PRODUCT_NAME = "$(TARGET_NAME)";
				SDKROOT = iphoneos11.2;
				SWIFT_VERSION = 4.0;
			};
			name = Release;
		};
		439FDE791D1F565400E54B4F /* Debug */ = {
			isa = XCBuildConfiguration;
			buildSettings = {
				BUNDLE_LOADER = "$(TEST_HOST)";
				INFOPLIST_FILE = SpirographTests/Info.plist;
				LD_RUNPATH_SEARCH_PATHS = "$(inherited) @executable_path/Frameworks @loader_path/Frameworks";
				PRODUCT_BUNDLE_IDENTIFIER = johanOS.SpirographTests;
				PRODUCT_NAME = "$(TARGET_NAME)";
				TEST_HOST = "$(BUILT_PRODUCTS_DIR)/Spirograph.app/Spirograph";
			};
			name = Debug;
		};
		439FDE7A1D1F565400E54B4F /* Release */ = {
			isa = XCBuildConfiguration;
			buildSettings = {
				BUNDLE_LOADER = "$(TEST_HOST)";
				INFOPLIST_FILE = SpirographTests/Info.plist;
				LD_RUNPATH_SEARCH_PATHS = "$(inherited) @executable_path/Frameworks @loader_path/Frameworks";
				PRODUCT_BUNDLE_IDENTIFIER = johanOS.SpirographTests;
				PRODUCT_NAME = "$(TARGET_NAME)";
				TEST_HOST = "$(BUILT_PRODUCTS_DIR)/Spirograph.app/Spirograph";
			};
			name = Release;
		};
		439FDE7C1D1F565400E54B4F /* Debug */ = {
			isa = XCBuildConfiguration;
			buildSettings = {
				INFOPLIST_FILE = SpirographUITests/Info.plist;
				LD_RUNPATH_SEARCH_PATHS = "$(inherited) @executable_path/Frameworks @loader_path/Frameworks";
				PRODUCT_BUNDLE_IDENTIFIER = johanOS.SpirographUITests;
				PRODUCT_NAME = "$(TARGET_NAME)";
				TEST_TARGET_NAME = Spirograph;
			};
			name = Debug;
		};
		439FDE7D1D1F565400E54B4F /* Release */ = {
			isa = XCBuildConfiguration;
			buildSettings = {
				INFOPLIST_FILE = SpirographUITests/Info.plist;
				LD_RUNPATH_SEARCH_PATHS = "$(inherited) @executable_path/Frameworks @loader_path/Frameworks";
				PRODUCT_BUNDLE_IDENTIFIER = johanOS.SpirographUITests;
				PRODUCT_NAME = "$(TARGET_NAME)";
				TEST_TARGET_NAME = Spirograph;
			};
			name = Release;
		};
/* End XCBuildConfiguration section */

/* Begin XCConfigurationList section */
		439FDE481D1F565400E54B4F /* Build configuration list for PBXProject "Spirograph" */ = {
			isa = XCConfigurationList;
			buildConfigurations = (
				439FDE731D1F565400E54B4F /* Debug */,
				439FDE741D1F565400E54B4F /* Release */,
			);
			defaultConfigurationIsVisible = 0;
			defaultConfigurationName = Release;
		};
		439FDE751D1F565400E54B4F /* Build configuration list for PBXNativeTarget "Spirograph" */ = {
			isa = XCConfigurationList;
			buildConfigurations = (
				439FDE761D1F565400E54B4F /* Debug */,
				439FDE771D1F565400E54B4F /* Release */,
			);
			defaultConfigurationIsVisible = 0;
			defaultConfigurationName = Release;
		};
		439FDE781D1F565400E54B4F /* Build configuration list for PBXNativeTarget "SpirographTests" */ = {
			isa = XCConfigurationList;
			buildConfigurations = (
				439FDE791D1F565400E54B4F /* Debug */,
				439FDE7A1D1F565400E54B4F /* Release */,
			);
			defaultConfigurationIsVisible = 0;
			defaultConfigurationName = Release;
		};
		439FDE7B1D1F565400E54B4F /* Build configuration list for PBXNativeTarget "SpirographUITests" */ = {
			isa = XCConfigurationList;
			buildConfigurations = (
				439FDE7C1D1F565400E54B4F /* Debug */,
				439FDE7D1D1F565400E54B4F /* Release */,
			);
			defaultConfigurationIsVisible = 0;
			defaultConfigurationName = Release;
		};
/* End XCConfigurationList section */
	};
	rootObject = 439FDE451D1F565400E54B4F /* Project object */;
}
